
Microsoft Visual Studio Solution File, Format Version 12.00
# Visual Studio Version 17
VisualStudioVersion = 17.2.32616.157
MinimumVisualStudioVersion = 10.0.40219.1
Project("{FAE04EC0-301F-11D3-BF4B-00C04F79EFBC}") = "double_linked_list", "double_linked_list.csproj", "{159D7CEA-121C-487F-B703-FD0C0105EFA1}"
EndProject
Global
	GlobalSection(SolutionConfigurationPlatforms) = preSolution
		Debug|Any CPU = Debug|Any CPU
		Release|Any CPU = Release|Any CPU
	EndGlobalSection
	GlobalSection(ProjectConfigurationPlatforms) = postSolution
		{159D7CEA-121C-487F-B703-FD0C0105EFA1}.Debug|Any CPU.ActiveCfg = Debug|Any CPU
		{159D7CEA-121C-487F-B703-FD0C0105EFA1}.Debug|Any CPU.Build.0 = Debug|Any CPU
		{159D7CEA-121C-487F-B703-FD0C0105EFA1}.Release|Any CPU.ActiveCfg = Release|Any CPU
		{159D7CEA-121C-487F-B703-FD0C0105EFA1}.Release|Any CPU.Build.0 = Release|Any CPU
	EndGlobalSection
	GlobalSection(SolutionProperties) = preSolution
		HideSolutionNode = FALSE
	EndGlobalSection
	GlobalSection(ExtensibilityGlobals) = postSolution
		SolutionGuid = {D39D2E6D-CA97-448C-8643-89BD0AF11F20}
	EndGlobalSection
EndGlobal
